// !$*UTF8*$!
{
	archiveVersion = 1;
	classes = {
	};
	objectVersion = 55;
	objects = {

/* Begin PBXBuildFile section */
		B6F8FC652861A2F400C875F4 /* AppDelegate.swift in Sources */ = {isa = PBXBuildFile; fileRef = B6F8FC642861A2F400C875F4 /* AppDelegate.swift */; };
		B6F8FC672861A2F400C875F4 /* SceneDelegate.swift in Sources */ = {isa = PBXBuildFile; fileRef = B6F8FC662861A2F400C875F4 /* SceneDelegate.swift */; };
		B6F8FC692861A2F400C875F4 /* ViewController.swift in Sources */ = {isa = PBXBuildFile; fileRef = B6F8FC682861A2F400C875F4 /* ViewController.swift */; };
		B6F8FC6C2861A2F400C875F4 /* Main.storyboard in Resources */ = {isa = PBXBuildFile; fileRef = B6F8FC6A2861A2F400C875F4 /* Main.storyboard */; };
		B6F8FC6E2861A2F600C875F4 /* Assets.xcassets in Resources */ = {isa = PBXBuildFile; fileRef = B6F8FC6D2861A2F600C875F4 /* Assets.xcassets */; };
		B6F8FC712861A2F600C875F4 /* LaunchScreen.storyboard in Resources */ = {isa = PBXBuildFile; fileRef = B6F8FC6F2861A2F600C875F4 /* LaunchScreen.storyboard */; };
		B6F8FC7C2861A2F600C875F4 /* LocalNotificationTests.swift in Sources */ = {isa = PBXBuildFile; fileRef = B6F8FC7B2861A2F600C875F4 /* LocalNotificationTests.swift */; };
		B6F8FC862861A2F600C875F4 /* LocalNotificationUITests.swift in Sources */ = {isa = PBXBuildFile; fileRef = B6F8FC852861A2F600C875F4 /* LocalNotificationUITests.swift */; };
		B6F8FC882861A2F600C875F4 /* LocalNotificationUITestsLaunchTests.swift in Sources */ = {isa = PBXBuildFile; fileRef = B6F8FC872861A2F600C875F4 /* LocalNotificationUITestsLaunchTests.swift */; };
/* End PBXBuildFile section */

/* Begin PBXContainerItemProxy section */
		B6F8FC782861A2F600C875F4 /* PBXContainerItemProxy */ = {
			isa = PBXContainerItemProxy;
			containerPortal = B6F8FC592861A2F400C875F4 /* Project object */;
			proxyType = 1;
			remoteGlobalIDString = B6F8FC602861A2F400C875F4;
			remoteInfo = LocalNotification;
		};
		B6F8FC822861A2F600C875F4 /* PBXContainerItemProxy */ = {
			isa = PBXContainerItemProxy;
			containerPortal = B6F8FC592861A2F400C875F4 /* Project object */;
			proxyType = 1;
			remoteGlobalIDString = B6F8FC602861A2F400C875F4;
			remoteInfo = LocalNotification;
		};
/* End PBXContainerItemProxy section */

/* Begin PBXFileReference section */
		B6F8FC612861A2F400C875F4 /* LocalNotification.app */ = {isa = PBXFileReference; explicitFileType = wrapper.application; includeInIndex = 0; path = LocalNotification.app; sourceTree = BUILT_PRODUCTS_DIR; };
		B6F8FC642861A2F400C875F4 /* AppDelegate.swift */ = {isa = PBXFileReference; lastKnownFileType = sourcecode.swift; path = AppDelegate.swift; sourceTree = "<group>"; };
		B6F8FC662861A2F400C875F4 /* SceneDelegate.swift */ = {isa = PBXFileReference; lastKnownFileType = sourcecode.swift; path = SceneDelegate.swift; sourceTree = "<group>"; };
		B6F8FC682861A2F400C875F4 /* ViewController.swift */ = {isa = PBXFileReference; lastKnownFileType = sourcecode.swift; path = ViewController.swift; sourceTree = "<group>"; };
		B6F8FC6B2861A2F400C875F4 /* Base */ = {isa = PBXFileReference; lastKnownFileType = file.storyboard; name = Base; path = Base.lproj/Main.storyboard; sourceTree = "<group>"; };
		B6F8FC6D2861A2F600C875F4 /* Assets.xcassets */ = {isa = PBXFileReference; lastKnownFileType = folder.assetcatalog; path = Assets.xcassets; sourceTree = "<group>"; };
		B6F8FC702861A2F600C875F4 /* Base */ = {isa = PBXFileReference; lastKnownFileType = file.storyboard; name = Base; path = Base.lproj/LaunchScreen.storyboard; sourceTree = "<group>"; };
		B6F8FC722861A2F600C875F4 /* Info.plist */ = {isa = PBXFileReference; lastKnownFileType = text.plist.xml; path = Info.plist; sourceTree = "<group>"; };
		B6F8FC772861A2F600C875F4 /* LocalNotificationTests.xctest */ = {isa = PBXFileReference; explicitFileType = wrapper.cfbundle; includeInIndex = 0; path = LocalNotificationTests.xctest; sourceTree = BUILT_PRODUCTS_DIR; };
		B6F8FC7B2861A2F600C875F4 /* LocalNotificationTests.swift */ = {isa = PBXFileReference; lastKnownFileType = sourcecode.swift; path = LocalNotificationTests.swift; sourceTree = "<group>"; };
		B6F8FC812861A2F600C875F4 /* LocalNotificationUITests.xctest */ = {isa = PBXFileReference; explicitFileType = wrapper.cfbundle; includeInIndex = 0; path = LocalNotificationUITests.xctest; sourceTree = BUILT_PRODUCTS_DIR; };
		B6F8FC852861A2F600C875F4 /* LocalNotificationUITests.swift */ = {isa = PBXFileReference; lastKnownFileType = sourcecode.swift; path = LocalNotificationUITests.swift; sourceTree = "<group>"; };
		B6F8FC872861A2F600C875F4 /* LocalNotificationUITestsLaunchTests.swift */ = {isa = PBXFileReference; lastKnownFileType = sourcecode.swift; path = LocalNotificationUITestsLaunchTests.swift; sourceTree = "<group>"; };
/* End PBXFileReference section */

/* Begin PBXFrameworksBuildPhase section */
		B6F8FC5E2861A2F400C875F4 /* Frameworks */ = {
			isa = PBXFrameworksBuildPhase;
			buildActionMask = 2147483647;
			files = (
			);
			runOnlyForDeploymentPostprocessing = 0;
		};
		B6F8FC742861A2F600C875F4 /* Frameworks */ = {
			isa = PBXFrameworksBuildPhase;
			buildActionMask = 2147483647;
			files = (
			);
			runOnlyForDeploymentPostprocessing = 0;
		};
		B6F8FC7E2861A2F600C875F4 /* Frameworks */ = {
			isa = PBXFrameworksBuildPhase;
			buildActionMask = 2147483647;
			files = (
			);
			runOnlyForDeploymentPostprocessing = 0;
		};
/* End PBXFrameworksBuildPhase section */

/* Begin PBXGroup section */
		B6F8FC582861A2F400C875F4 = {
			isa = PBXGroup;
			children = (
				B6F8FC632861A2F400C875F4 /* LocalNotification */,
				B6F8FC7A2861A2F600C875F4 /* LocalNotificationTests */,
				B6F8FC842861A2F600C875F4 /* LocalNotificationUITests */,
				B6F8FC622861A2F400C875F4 /* Products */,
			);
			sourceTree = "<group>";
		};
		B6F8FC622861A2F400C875F4 /* Products */ = {
			isa = PBXGroup;
			children = (
				B6F8FC612861A2F400C875F4 /* LocalNotification.app */,
				B6F8FC772861A2F600C875F4 /* LocalNotificationTests.xctest */,
				B6F8FC812861A2F600C875F4 /* LocalNotificationUITests.xctest */,
			);
			name = Products;
			sourceTree = "<group>";
		};
		B6F8FC632861A2F400C875F4 /* LocalNotification */ = {
			isa = PBXGroup;
			children = (
				B6F8FC642861A2F400C875F4 /* AppDelegate.swift */,
				B6F8FC662861A2F400C875F4 /* SceneDelegate.swift */,
				B6F8FC682861A2F400C875F4 /* ViewController.swift */,
				B6F8FC6A2861A2F400C875F4 /* Main.storyboard */,
				B6F8FC6D2861A2F600C875F4 /* Assets.xcassets */,
				B6F8FC6F2861A2F600C875F4 /* LaunchScreen.storyboard */,
				B6F8FC722861A2F600C875F4 /* Info.plist */,
			);
			path = LocalNotification;
			sourceTree = "<group>";
		};
		B6F8FC7A2861A2F600C875F4 /* LocalNotificationTests */ = {
			isa = PBXGroup;
			children = (
				B6F8FC7B2861A2F600C875F4 /* LocalNotificationTests.swift */,
			);
			path = LocalNotificationTests;
			sourceTree = "<group>";
		};
		B6F8FC842861A2F600C875F4 /* LocalNotificationUITests */ = {
			isa = PBXGroup;
			children = (
				B6F8FC852861A2F600C875F4 /* LocalNotificationUITests.swift */,
				B6F8FC872861A2F600C875F4 /* LocalNotificationUITestsLaunchTests.swift */,
			);
			path = LocalNotificationUITests;
			sourceTree = "<group>";
		};
/* End PBXGroup section */

/* Begin PBXNativeTarget section */
		B6F8FC602861A2F400C875F4 /* LocalNotification */ = {
			isa = PBXNativeTarget;
			buildConfigurationList = B6F8FC8B2861A2F600C875F4 /* Build configuration list for PBXNativeTarget "LocalNotification" */;
			buildPhases = (
				B6F8FC5D2861A2F400C875F4 /* Sources */,
				B6F8FC5E2861A2F400C875F4 /* Frameworks */,
				B6F8FC5F2861A2F400C875F4 /* Resources */,
			);
			buildRules = (
			);
			dependencies = (
			);
			name = LocalNotification;
			productName = LocalNotification;
			productReference = B6F8FC612861A2F400C875F4 /* LocalNotification.app */;
			productType = "com.apple.product-type.application";
		};
		B6F8FC762861A2F600C875F4 /* LocalNotificationTests */ = {
			isa = PBXNativeTarget;
			buildConfigurationList = B6F8FC8E2861A2F600C875F4 /* Build configuration list for PBXNativeTarget "LocalNotificationTests" */;
			buildPhases = (
				B6F8FC732861A2F600C875F4 /* Sources */,
				B6F8FC742861A2F600C875F4 /* Frameworks */,
				B6F8FC752861A2F600C875F4 /* Resources */,
			);
			buildRules = (
			);
			dependencies = (
				B6F8FC792861A2F600C875F4 /* PBXTargetDependency */,
			);
			name = LocalNotificationTests;
			productName = LocalNotificationTests;
			productReference = B6F8FC772861A2F600C875F4 /* LocalNotificationTests.xctest */;
			productType = "com.apple.product-type.bundle.unit-test";
		};
		B6F8FC802861A2F600C875F4 /* LocalNotificationUITests */ = {
			isa = PBXNativeTarget;
			buildConfigurationList = B6F8FC912861A2F600C875F4 /* Build configuration list for PBXNativeTarget "LocalNotificationUITests" */;
			buildPhases = (
				B6F8FC7D2861A2F600C875F4 /* Sources */,
				B6F8FC7E2861A2F600C875F4 /* Frameworks */,
				B6F8FC7F2861A2F600C875F4 /* Resources */,
			);
			buildRules = (
			);
			dependencies = (
				B6F8FC832861A2F600C875F4 /* PBXTargetDependency */,
			);
			name = LocalNotificationUITests;
			productName = LocalNotificationUITests;
			productReference = B6F8FC812861A2F600C875F4 /* LocalNotificationUITests.xctest */;
			productType = "com.apple.product-type.bundle.ui-testing";
		};
/* End PBXNativeTarget section */

/* Begin PBXProject section */
		B6F8FC592861A2F400C875F4 /* Project object */ = {
			isa = PBXProject;
			attributes = {
				BuildIndependentTargetsInParallel = 1;
				LastSwiftUpdateCheck = 1340;
				LastUpgradeCheck = 1340;
				TargetAttributes = {
					B6F8FC602861A2F400C875F4 = {
						CreatedOnToolsVersion = 13.4.1;
					};
					B6F8FC762861A2F600C875F4 = {
						CreatedOnToolsVersion = 13.4.1;
						TestTargetID = B6F8FC602861A2F400C875F4;
					};
					B6F8FC802861A2F600C875F4 = {
						CreatedOnToolsVersion = 13.4.1;
						TestTargetID = B6F8FC602861A2F400C875F4;
					};
				};
			};
			buildConfigurationList = B6F8FC5C2861A2F400C875F4 /* Build configuration list for PBXProject "LocalNotification" */;
			compatibilityVersion = "Xcode 13.0";
			developmentRegion = en;
			hasScannedForEncodings = 0;
			knownRegions = (
				en,
				Base,
			);
			mainGroup = B6F8FC582861A2F400C875F4;
			productRefGroup = B6F8FC622861A2F400C875F4 /* Products */;
			projectDirPath = "";
			projectRoot = "";
			targets = (
				B6F8FC602861A2F400C875F4 /* LocalNotification */,
				B6F8FC762861A2F600C875F4 /* LocalNotificationTests */,
				B6F8FC802861A2F600C875F4 /* LocalNotificationUITests */,
			);
		};
/* End PBXProject section */

/* Begin PBXResourcesBuildPhase section */
		B6F8FC5F2861A2F400C875F4 /* Resources */ = {
			isa = PBXResourcesBuildPhase;
			buildActionMask = 2147483647;
			files = (
				B6F8FC712861A2F600C875F4 /* LaunchScreen.storyboard in Resources */,
				B6F8FC6E2861A2F600C875F4 /* Assets.xcassets in Resources */,
				B6F8FC6C2861A2F400C875F4 /* Main.storyboard in Resources */,
			);
			runOnlyForDeploymentPostprocessing = 0;
		};
		B6F8FC752861A2F600C875F4 /* Resources */ = {
			isa = PBXResourcesBuildPhase;
			buildActionMask = 2147483647;
			files = (
			);
			runOnlyForDeploymentPostprocessing = 0;
		};
		B6F8FC7F2861A2F600C875F4 /* Resources */ = {
			isa = PBXResourcesBuildPhase;
			buildActionMask = 2147483647;
			files = (
			);
			runOnlyForDeploymentPostprocessing = 0;
		};
/* End PBXResourcesBuildPhase section */

/* Begin PBXSourcesBuildPhase section */
		B6F8FC5D2861A2F400C875F4 /* Sources */ = {
			isa = PBXSourcesBuildPhase;
			buildActionMask = 2147483647;
			files = (
				B6F8FC692861A2F400C875F4 /* ViewController.swift in Sources */,
				B6F8FC652861A2F400C875F4 /* AppDelegate.swift in Sources */,
				B6F8FC672861A2F400C875F4 /* SceneDelegate.swift in Sources */,
			);
			runOnlyForDeploymentPostprocessing = 0;
		};
		B6F8FC732861A2F600C875F4 /* Sources */ = {
			isa = PBXSourcesBuildPhase;
			buildActionMask = 2147483647;
			files = (
				B6F8FC7C2861A2F600C875F4 /* LocalNotificationTests.swift in Sources */,
			);
			runOnlyForDeploymentPostprocessing = 0;
		};
		B6F8FC7D2861A2F600C875F4 /* Sources */ = {
			isa = PBXSourcesBuildPhase;
			buildActionMask = 2147483647;
			files = (
				B6F8FC862861A2F600C875F4 /* LocalNotificationUITests.swift in Sources */,
				B6F8FC882861A2F600C875F4 /* LocalNotificationUITestsLaunchTests.swift in Sources */,
			);
			runOnlyForDeploymentPostprocessing = 0;
		};
/* End PBXSourcesBuildPhase section */

/* Begin PBXTargetDependency section */
		B6F8FC792861A2F600C875F4 /* PBXTargetDependency */ = {
			isa = PBXTargetDependency;
			target = B6F8FC602861A2F400C875F4 /* LocalNotification */;
			targetProxy = B6F8FC782861A2F600C875F4 /* PBXContainerItemProxy */;
		};
		B6F8FC832861A2F600C875F4 /* PBXTargetDependency */ = {
			isa = PBXTargetDependency;
			target = B6F8FC602861A2F400C875F4 /* LocalNotification */;
			targetProxy = B6F8FC822861A2F600C875F4 /* PBXContainerItemProxy */;
		};
/* End PBXTargetDependency section */

/* Begin PBXVariantGroup section */
		B6F8FC6A2861A2F400C875F4 /* Main.storyboard */ = {
			isa = PBXVariantGroup;
			children = (
				B6F8FC6B2861A2F400C875F4 /* Base */,
			);
			name = Main.storyboard;
			sourceTree = "<group>";
		};
		B6F8FC6F2861A2F600C875F4 /* LaunchScreen.storyboard */ = {
			isa = PBXVariantGroup;
			children = (
				B6F8FC702861A2F600C875F4 /* Base */,
			);
			name = LaunchScreen.storyboard;
			sourceTree = "<group>";
		};
/* End PBXVariantGroup section */

/* Begin XCBuildConfiguration section */
		B6F8FC892861A2F600C875F4 /* Debug */ = {
			isa = XCBuildConfiguration;
			buildSettings = {
				ALWAYS_SEARCH_USER_PATHS = NO;
				CLANG_ANALYZER_NONNULL = YES;
				CLANG_ANALYZER_NUMBER_OBJECT_CONVERSION = YES_AGGRESSIVE;
				CLANG_CXX_LANGUAGE_STANDARD = "gnu++17";
				CLANG_ENABLE_MODULES = YES;
				CLANG_ENABLE_OBJC_ARC = YES;
				CLANG_ENABLE_OBJC_WEAK = YES;
				CLANG_WARN_BLOCK_CAPTURE_AUTORELEASING = YES;
				CLANG_WARN_BOOL_CONVERSION = YES;
				CLANG_WARN_COMMA = YES;
				CLANG_WARN_CONSTANT_CONVERSION = YES;
				CLANG_WARN_DEPRECATED_OBJC_IMPLEMENTATIONS = YES;
				CLANG_WARN_DIRECT_OBJC_ISA_USAGE = YES_ERROR;
				CLANG_WARN_DOCUMENTATION_COMMENTS = YES;
				CLANG_WARN_EMPTY_BODY = YES;
				CLANG_WARN_ENUM_CONVERSION = YES;
				CLANG_WARN_INFINITE_RECURSION = YES;
				CLANG_WARN_INT_CONVERSION = YES;
				CLANG_WARN_NON_LITERAL_NULL_CONVERSION = YES;
				CLANG_WARN_OBJC_IMPLICIT_RETAIN_SELF = YES;
				CLANG_WARN_OBJC_LITERAL_CONVERSION = YES;
				CLANG_WARN_OBJC_ROOT_CLASS = YES_ERROR;
				CLANG_WARN_QUOTED_INCLUDE_IN_FRAMEWORK_HEADER = YES;
				CLANG_WARN_RANGE_LOOP_ANALYSIS = YES;
				CLANG_WARN_STRICT_PROTOTYPES = YES;
				CLANG_WARN_SUSPICIOUS_MOVE = YES;
				CLANG_WARN_UNGUARDED_AVAILABILITY = YES_AGGRESSIVE;
				CLANG_WARN_UNREACHABLE_CODE = YES;
				CLANG_WARN__DUPLICATE_METHOD_MATCH = YES;
				COPY_PHASE_STRIP = NO;
				DEBUG_INFORMATION_FORMAT = dwarf;
				ENABLE_STRICT_OBJC_MSGSEND = YES;
				ENABLE_TESTABILITY = YES;
				GCC_C_LANGUAGE_STANDARD = gnu11;
				GCC_DYNAMIC_NO_PIC = NO;
				GCC_NO_COMMON_BLOCKS = YES;
				GCC_OPTIMIZATION_LEVEL = 0;
				GCC_PREPROCESSOR_DEFINITIONS = (
					"DEBUG=1",
					"$(inherited)",
				);
				GCC_WARN_64_TO_32_BIT_CONVERSION = YES;
				GCC_WARN_ABOUT_RETURN_TYPE = YES_ERROR;
				GCC_WARN_UNDECLARED_SELECTOR = YES;
				GCC_WARN_UNINITIALIZED_AUTOS = YES_AGGRESSIVE;
				GCC_WARN_UNUSED_FUNCTION = YES;
				GCC_WARN_UNUSED_VARIABLE = YES;
				IPHONEOS_DEPLOYMENT_TARGET = 15.5;
				MTL_ENABLE_DEBUG_INFO = INCLUDE_SOURCE;
				MTL_FAST_MATH = YES;
				ONLY_ACTIVE_ARCH = YES;
				SDKROOT = iphoneos;
				SWIFT_ACTIVE_COMPILATION_CONDITIONS = DEBUG;
				SWIFT_OPTIMIZATION_LEVEL = "-Onone";
			};
			name = Debug;
		};
		B6F8FC8A2861A2F600C875F4 /* Release */ = {
			isa = XCBuildConfiguration;
			buildSettings = {
				ALWAYS_SEARCH_USER_PATHS = NO;
				CLANG_ANALYZER_NONNULL = YES;
				CLANG_ANALYZER_NUMBER_OBJECT_CONVERSION = YES_AGGRESSIVE;
				CLANG_CXX_LANGUAGE_STANDARD = "gnu++17";
				CLANG_ENABLE_MODULES = YES;
				CLANG_ENABLE_OBJC_ARC = YES;
				CLANG_ENABLE_OBJC_WEAK = YES;
				CLANG_WARN_BLOCK_CAPTURE_AUTORELEASING = YES;
				CLANG_WARN_BOOL_CONVERSION = YES;
				CLANG_WARN_COMMA = YES;
				CLANG_WARN_CONSTANT_CONVERSION = YES;
				CLANG_WARN_DEPRECATED_OBJC_IMPLEMENTATIONS = YES;
				CLANG_WARN_DIRECT_OBJC_ISA_USAGE = YES_ERROR;
				CLANG_WARN_DOCUMENTATION_COMMENTS = YES;
				CLANG_WARN_EMPTY_BODY = YES;
				CLANG_WARN_ENUM_CONVERSION = YES;
				CLANG_WARN_INFINITE_RECURSION = YES;
				CLANG_WARN_INT_CONVERSION = YES;
				CLANG_WARN_NON_LITERAL_NULL_CONVERSION = YES;
				CLANG_WARN_OBJC_IMPLICIT_RETAIN_SELF = YES;
				CLANG_WARN_OBJC_LITERAL_CONVERSION = YES;
				CLANG_WARN_OBJC_ROOT_CLASS = YES_ERROR;
				CLANG_WARN_QUOTED_INCLUDE_IN_FRAMEWORK_HEADER = YES;
				CLANG_WARN_RANGE_LOOP_ANALYSIS = YES;
				CLANG_WARN_STRICT_PROTOTYPES = YES;
				CLANG_WARN_SUSPICIOUS_MOVE = YES;
				CLANG_WARN_UNGUARDED_AVAILABILITY = YES_AGGRESSIVE;
				CLANG_WARN_UNREACHABLE_CODE = YES;
				CLANG_WARN__DUPLICATE_METHOD_MATCH = YES;
				COPY_PHASE_STRIP = NO;
				DEBUG_INFORMATION_FORMAT = "dwarf-with-dsym";
				ENABLE_NS_ASSERTIONS = NO;
				ENABLE_STRICT_OBJC_MSGSEND = YES;
				GCC_C_LANGUAGE_STANDARD = gnu11;
				GCC_NO_COMMON_BLOCKS = YES;
				GCC_WARN_64_TO_32_BIT_CONVERSION = YES;
				GCC_WARN_ABOUT_RETURN_TYPE = YES_ERROR;
				GCC_WARN_UNDECLARED_SELECTOR = YES;
				GCC_WARN_UNINITIALIZED_AUTOS = YES_AGGRESSIVE;
				GCC_WARN_UNUSED_FUNCTION = YES;
				GCC_WARN_UNUSED_VARIABLE = YES;
				IPHONEOS_DEPLOYMENT_TARGET = 15.5;
				MTL_ENABLE_DEBUG_INFO = NO;
				MTL_FAST_MATH = YES;
				SDKROOT = iphoneos;
				SWIFT_COMPILATION_MODE = wholemodule;
				SWIFT_OPTIMIZATION_LEVEL = "-O";
				VALIDATE_PRODUCT = YES;
			};
			name = Release;
		};
		B6F8FC8C2861A2F600C875F4 /* Debug */ = {
			isa = XCBuildConfiguration;
			buildSettings = {
				ASSETCATALOG_COMPILER_APPICON_NAME = AppIcon;
				ASSETCATALOG_COMPILER_GLOBAL_ACCENT_COLOR_NAME = AccentColor;
				CODE_SIGN_STYLE = Automatic;
				CURRENT_PROJECT_VERSION = 1;
				GENERATE_INFOPLIST_FILE = YES;
				INFOPLIST_FILE = LocalNotification/Info.plist;
				INFOPLIST_KEY_UIApplicationSupportsIndirectInputEvents = YES;
				INFOPLIST_KEY_UILaunchStoryboardName = LaunchScreen;
				INFOPLIST_KEY_UIMainStoryboardFile = Main;
				INFOPLIST_KEY_UISupportedInterfaceOrientations_iPad = "UIInterfaceOrientationPortrait UIInterfaceOrientationPortraitUpsideDown UIInterfaceOrientationLandscapeLeft UIInterfaceOrientationLandscapeRight";
				INFOPLIST_KEY_UISupportedInterfaceOrientations_iPhone = "UIInterfaceOrientationPortrait UIInterfaceOrientationLandscapeLeft UIInterfaceOrientationLandscapeRight";
				LD_RUNPATH_SEARCH_PATHS = (
					"$(inherited)",
					"@executable_path/Frameworks",
				);
				MARKETING_VERSION = 1.0;
				PRODUCT_BUNDLE_IDENTIFIER = Apple.LocalNotification;
				PRODUCT_NAME = "$(TARGET_NAME)";
				SWIFT_EMIT_LOC_STRINGS = YES;
				SWIFT_VERSION = 5.0;
				TARGETED_DEVICE_FAMILY = "1,2";
			};
			name = Debug;
		};
		B6F8FC8D2861A2F600C875F4 /* Release */ = {
			isa = XCBuildConfiguration;
			buildSettings = {
				ASSETCATALOG_COMPILER_APPICON_NAME = AppIcon;
				ASSETCATALOG_COMPILER_GLOBAL_ACCENT_COLOR_NAME = AccentColor;
				CODE_SIGN_STYLE = Automatic;
				CURRENT_PROJECT_VERSION = 1;
				GENERATE_INFOPLIST_FILE = YES;
				INFOPLIST_FILE = LocalNotification/Info.plist;
				INFOPLIST_KEY_UIApplicationSupportsIndirectInputEvents = YES;
				INFOPLIST_KEY_UILaunchStoryboardName = LaunchScreen;
				INFOPLIST_KEY_UIMainStoryboardFile = Main;
				INFOPLIST_KEY_UISupportedInterfaceOrientations_iPad = "UIInterfaceOrientationPortrait UIInterfaceOrientationPortraitUpsideDown UIInterfaceOrientationLandscapeLeft UIInterfaceOrientationLandscapeRight";
				INFOPLIST_KEY_UISupportedInterfaceOrientations_iPhone = "UIInterfaceOrientationPortrait UIInterfaceOrientationLandscapeLeft UIInterfaceOrientationLandscapeRight";
				LD_RUNPATH_SEARCH_PATHS = (
					"$(inherited)",
					"@executable_path/Frameworks",
				);
				MARKETING_VERSION = 1.0;
				PRODUCT_BUNDLE_IDENTIFIER = Apple.LocalNotification;
				PRODUCT_NAME = "$(TARGET_NAME)";
				SWIFT_EMIT_LOC_STRINGS = YES;
				SWIFT_VERSION = 5.0;
				TARGETED_DEVICE_FAMILY = "1,2";
			};
			name = Release;
		};
		B6F8FC8F2861A2F600C875F4 /* Debug */ = {
			isa = XCBuildConfiguration;
			buildSettings = {
				ALWAYS_EMBED_SWIFT_STANDARD_LIBRARIES = YES;
				BUNDLE_LOADER = "$(TEST_HOST)";
				CODE_SIGN_STYLE = Automatic;
				CURRENT_PROJECT_VERSION = 1;
				GENERATE_INFOPLIST_FILE = YES;
				IPHONEOS_DEPLOYMENT_TARGET = 15.5;
				MARKETING_VERSION = 1.0;
				PRODUCT_BUNDLE_IDENTIFIER = Apple.LocalNotificationTests;
				PRODUCT_NAME = "$(TARGET_NAME)";
				SWIFT_EMIT_LOC_STRINGS = NO;
				SWIFT_VERSION = 5.0;
				TARGETED_DEVICE_FAMILY = "1,2";
				TEST_HOST = "$(BUILT_PRODUCTS_DIR)/LocalNotification.app/LocalNotification";
			};
			name = Debug;
		};
		B6F8FC902861A2F600C875F4 /* Release */ = {
			isa = XCBuildConfiguration;
			buildSettings = {
				ALWAYS_EMBED_SWIFT_STANDARD_LIBRARIES = YES;
				BUNDLE_LOADER = "$(TEST_HOST)";
				CODE_SIGN_STYLE = Automatic;
				CURRENT_PROJECT_VERSION = 1;
				GENERATE_INFOPLIST_FILE = YES;
				IPHONEOS_DEPLOYMENT_TARGET = 15.5;
				MARKETING_VERSION = 1.0;
				PRODUCT_BUNDLE_IDENTIFIER = Apple.LocalNotificationTests;
				PRODUCT_NAME = "$(TARGET_NAME)";
				SWIFT_EMIT_LOC_STRINGS = NO;
				SWIFT_VERSION = 5.0;
				TARGETED_DEVICE_FAMILY = "1,2";
				TEST_HOST = "$(BUILT_PRODUCTS_DIR)/LocalNotification.app/LocalNotification";
			};
			name = Release;
		};
		B6F8FC922861A2F600C875F4 /* Debug */ = {
			isa = XCBuildConfiguration;
			buildSettings = {
				ALWAYS_EMBED_SWIFT_STANDARD_LIBRARIES = YES;
				CODE_SIGN_STYLE = Automatic;
				CURRENT_PROJECT_VERSION = 1;
				GENERATE_INFOPLIST_FILE = YES;
				MARKETING_VERSION = 1.0;
				PRODUCT_BUNDLE_IDENTIFIER = Apple.LocalNotificationUITests;
				PRODUCT_NAME = "$(TARGET_NAME)";
				SWIFT_EMIT_LOC_STRINGS = NO;
				SWIFT_VERSION = 5.0;
				TARGETED_DEVICE_FAMILY = "1,2";
				TEST_TARGET_NAME = LocalNotification;
			};
			name = Debug;
		};
		B6F8FC932861A2F600C875F4 /* Release */ = {
			isa = XCBuildConfiguration;
			buildSettings = {
				ALWAYS_EMBED_SWIFT_STANDARD_LIBRARIES = YES;
				CODE_SIGN_STYLE = Automatic;
				CURRENT_PROJECT_VERSION = 1;
				GENERATE_INFOPLIST_FILE = YES;
				MARKETING_VERSION = 1.0;
				PRODUCT_BUNDLE_IDENTIFIER = Apple.LocalNotificationUITests;
				PRODUCT_NAME = "$(TARGET_NAME)";
				SWIFT_EMIT_LOC_STRINGS = NO;
				SWIFT_VERSION = 5.0;
				TARGETED_DEVICE_FAMILY = "1,2";
				TEST_TARGET_NAME = LocalNotification;
			};
			name = Release;
		};
/* End XCBuildConfiguration section */

/* Begin XCConfigurationList section */
		B6F8FC5C2861A2F400C875F4 /* Build configuration list for PBXProject "LocalNotification" */ = {
			isa = XCConfigurationList;
			buildConfigurations = (
				B6F8FC892861A2F600C875F4 /* Debug */,
				B6F8FC8A2861A2F600C875F4 /* Release */,
			);
			defaultConfigurationIsVisible = 0;
			defaultConfigurationName = Release;
		};
		B6F8FC8B2861A2F600C875F4 /* Build configuration list for PBXNativeTarget "LocalNotification" */ = {
			isa = XCConfigurationList;
			buildConfigurations = (
				B6F8FC8C2861A2F600C875F4 /* Debug */,
				B6F8FC8D2861A2F600C875F4 /* Release */,
			);
			defaultConfigurationIsVisible = 0;
			defaultConfigurationName = Release;
		};
		B6F8FC8E2861A2F600C875F4 /* Build configuration list for PBXNativeTarget "LocalNotificationTests" */ = {
			isa = XCConfigurationList;
			buildConfigurations = (
				B6F8FC8F2861A2F600C875F4 /* Debug */,
				B6F8FC902861A2F600C875F4 /* Release */,
			);
			defaultConfigurationIsVisible = 0;
			defaultConfigurationName = Release;
		};
		B6F8FC912861A2F600C875F4 /* Build configuration list for PBXNativeTarget "LocalNotificationUITests" */ = {
			isa = XCConfigurationList;
			buildConfigurations = (
				B6F8FC922861A2F600C875F4 /* Debug */,
				B6F8FC932861A2F600C875F4 /* Release */,
			);
			defaultConfigurationIsVisible = 0;
			defaultConfigurationName = Release;
		};
/* End XCConfigurationList section */
	};
	rootObject = B6F8FC592861A2F400C875F4 /* Project object */;
}
